// !$*UTF8*$!
{
	archiveVersion = 1;
	classes = {
	};
	objectVersion = 48;
	objects = {

/* Begin PBXBuildFile section */
		497C4B591FB0E77E0074B6C2 /* AppDelegate.swift in Sources */ = {isa = PBXBuildFile; fileRef = 497C4B581FB0E77E0074B6C2 /* AppDelegate.swift */; };
		497C4B5B1FB0E77E0074B6C2 /* RootViewController.swift in Sources */ = {isa = PBXBuildFile; fileRef = 497C4B5A1FB0E77E0074B6C2 /* RootViewController.swift */; };
		497C4B5E1FB0E77E0074B6C2 /* Main.storyboard in Resources */ = {isa = PBXBuildFile; fileRef = 497C4B5C1FB0E77E0074B6C2 /* Main.storyboard */; };
		497C4B601FB0E77E0074B6C2 /* Assets.xcassets in Resources */ = {isa = PBXBuildFile; fileRef = 497C4B5F1FB0E77E0074B6C2 /* Assets.xcassets */; };
		497C4B631FB0E77E0074B6C2 /* LaunchScreen.storyboard in Resources */ = {isa = PBXBuildFile; fileRef = 497C4B611FB0E77E0074B6C2 /* LaunchScreen.storyboard */; };
/* End PBXBuildFile section */

/* Begin PBXFileReference section */
		497C4B551FB0E77E0074B6C2 /* Car Pool.app */ = {isa = PBXFileReference; explicitFileType = wrapper.application; includeInIndex = 0; path = "Car Pool.app"; sourceTree = BUILT_PRODUCTS_DIR; };
		497C4B581FB0E77E0074B6C2 /* AppDelegate.swift */ = {isa = PBXFileReference; lastKnownFileType = sourcecode.swift; path = AppDelegate.swift; sourceTree = "<group>"; };
		497C4B5A1FB0E77E0074B6C2 /* RootViewController.swift */ = {isa = PBXFileReference; lastKnownFileType = sourcecode.swift; path = RootViewController.swift; sourceTree = "<group>"; };
		497C4B5D1FB0E77E0074B6C2 /* Base */ = {isa = PBXFileReference; lastKnownFileType = file.storyboard; name = Base; path = Base.lproj/Main.storyboard; sourceTree = "<group>"; };
		497C4B5F1FB0E77E0074B6C2 /* Assets.xcassets */ = {isa = PBXFileReference; lastKnownFileType = folder.assetcatalog; path = Assets.xcassets; sourceTree = "<group>"; };
		497C4B621FB0E77E0074B6C2 /* Base */ = {isa = PBXFileReference; lastKnownFileType = file.storyboard; name = Base; path = Base.lproj/LaunchScreen.storyboard; sourceTree = "<group>"; };
		497C4B641FB0E77E0074B6C2 /* Info.plist */ = {isa = PBXFileReference; lastKnownFileType = text.plist.xml; path = Info.plist; sourceTree = "<group>"; };
/* End PBXFileReference section */

/* Begin PBXFrameworksBuildPhase section */
		497C4B521FB0E77E0074B6C2 /* Frameworks */ = {
			isa = PBXFrameworksBuildPhase;
			buildActionMask = 2147483647;
			files = (
			);
			runOnlyForDeploymentPostprocessing = 0;
		};
/* End PBXFrameworksBuildPhase section */

/* Begin PBXGroup section */
		497C4B4C1FB0E77E0074B6C2 = {
			isa = PBXGroup;
			children = (
				497C4B571FB0E77E0074B6C2 /* Car Pool */,
				497C4B561FB0E77E0074B6C2 /* Products */,
			);
			sourceTree = "<group>";
		};
		497C4B561FB0E77E0074B6C2 /* Products */ = {
			isa = PBXGroup;
			children = (
				497C4B551FB0E77E0074B6C2 /* Car Pool.app */,
			);
			name = Products;
			sourceTree = "<group>";
		};
		497C4B571FB0E77E0074B6C2 /* Car Pool */ = {
			isa = PBXGroup;
			children = (
				497C4B581FB0E77E0074B6C2 /* AppDelegate.swift */,
				497C4B5A1FB0E77E0074B6C2 /* RootViewController.swift */,
				497C4B5C1FB0E77E0074B6C2 /* Main.storyboard */,
				497C4B5F1FB0E77E0074B6C2 /* Assets.xcassets */,
				497C4B611FB0E77E0074B6C2 /* LaunchScreen.storyboard */,
				497C4B641FB0E77E0074B6C2 /* Info.plist */,
			);
			path = "Car Pool";
			sourceTree = "<group>";
		};
/* End PBXGroup section */

/* Begin PBXNativeTarget section */
		497C4B541FB0E77E0074B6C2 /* Car Pool */ = {
			isa = PBXNativeTarget;
			buildConfigurationList = 497C4B671FB0E77E0074B6C2 /* Build configuration list for PBXNativeTarget "Car Pool" */;
			buildPhases = (
				497C4B511FB0E77E0074B6C2 /* Sources */,
				497C4B521FB0E77E0074B6C2 /* Frameworks */,
				497C4B531FB0E77E0074B6C2 /* Resources */,
			);
			buildRules = (
			);
			dependencies = (
			);
			name = "Car Pool";
			productName = "Car Pool";
			productReference = 497C4B551FB0E77E0074B6C2 /* Car Pool.app */;
			productType = "com.apple.product-type.application";
		};
/* End PBXNativeTarget section */

/* Begin PBXProject section */
		497C4B4D1FB0E77E0074B6C2 /* Project object */ = {
			isa = PBXProject;
			attributes = {
				LastSwiftUpdateCheck = 0910;
				LastUpgradeCheck = 0910;
				ORGANIZATIONNAME = "Laurie Zipperer";
				TargetAttributes = {
					497C4B541FB0E77E0074B6C2 = {
						CreatedOnToolsVersion = 9.1;
						ProvisioningStyle = Automatic;
					};
				};
			};
			buildConfigurationList = 497C4B501FB0E77E0074B6C2 /* Build configuration list for PBXProject "Car Pool" */;
			compatibilityVersion = "Xcode 8.0";
			developmentRegion = en;
			hasScannedForEncodings = 0;
			knownRegions = (
				en,
				Base,
			);
			mainGroup = 497C4B4C1FB0E77E0074B6C2;
			productRefGroup = 497C4B561FB0E77E0074B6C2 /* Products */;
			projectDirPath = "";
			projectRoot = "";
			targets = (
				497C4B541FB0E77E0074B6C2 /* Car Pool */,
			);
		};
/* End PBXProject section */

/* Begin PBXResourcesBuildPhase section */
		497C4B531FB0E77E0074B6C2 /* Resources */ = {
			isa = PBXResourcesBuildPhase;
			buildActionMask = 2147483647;
			files = (
				497C4B631FB0E77E0074B6C2 /* LaunchScreen.storyboard in Resources */,
				497C4B601FB0E77E0074B6C2 /* Assets.xcassets in Resources */,
				497C4B5E1FB0E77E0074B6C2 /* Main.storyboard in Resources */,
			);
			runOnlyForDeploymentPostprocessing = 0;
		};
/* End PBXResourcesBuildPhase section */

/* Begin PBXSourcesBuildPhase section */
		497C4B511FB0E77E0074B6C2 /* Sources */ = {
			isa = PBXSourcesBuildPhase;
			buildActionMask = 2147483647;
			files = (
				497C4B5B1FB0E77E0074B6C2 /* RootViewController.swift in Sources */,
				497C4B591FB0E77E0074B6C2 /* AppDelegate.swift in Sources */,
			);
			runOnlyForDeploymentPostprocessing = 0;
		};
/* End PBXSourcesBuildPhase section */

/* Begin PBXVariantGroup section */
		497C4B5C1FB0E77E0074B6C2 /* Main.storyboard */ = {
			isa = PBXVariantGroup;
			children = (
				497C4B5D1FB0E77E0074B6C2 /* Base */,
			);
			name = Main.storyboard;
			sourceTree = "<group>";
		};
		497C4B611FB0E77E0074B6C2 /* LaunchScreen.storyboard */ = {
			isa = PBXVariantGroup;
			children = (
				497C4B621FB0E77E0074B6C2 /* Base */,
			);
			name = LaunchScreen.storyboard;
			sourceTree = "<group>";
		};
/* End PBXVariantGroup section */

/* Begin XCBuildConfiguration section */
		497C4B651FB0E77E0074B6C2 /* Debug */ = {
			isa = XCBuildConfiguration;
			buildSettings = {
				ALWAYS_SEARCH_USER_PATHS = NO;
				CLANG_ANALYZER_NONNULL = YES;
				CLANG_ANALYZER_NUMBER_OBJECT_CONVERSION = YES_AGGRESSIVE;
				CLANG_CXX_LANGUAGE_STANDARD = "gnu++14";
				CLANG_CXX_LIBRARY = "libc++";
				CLANG_ENABLE_MODULES = YES;
				CLANG_ENABLE_OBJC_ARC = YES;
				CLANG_WARN_BLOCK_CAPTURE_AUTORELEASING = YES;
				CLANG_WARN_BOOL_CONVERSION = YES;
				CLANG_WARN_COMMA = YES;
				CLANG_WARN_CONSTANT_CONVERSION = YES;
				CLANG_WARN_DIRECT_OBJC_ISA_USAGE = YES_ERROR;
				CLANG_WARN_DOCUMENTATION_COMMENTS = YES;
				CLANG_WARN_EMPTY_BODY = YES;
				CLANG_WARN_ENUM_CONVERSION = YES;
				CLANG_WARN_INFINITE_RECURSION = YES;
				CLANG_WARN_INT_CONVERSION = YES;
				CLANG_WARN_NON_LITERAL_NULL_CONVERSION = YES;
				CLANG_WARN_OBJC_LITERAL_CONVERSION = YES;
				CLANG_WARN_OBJC_ROOT_CLASS = YES_ERROR;
				CLANG_WARN_RANGE_LOOP_ANALYSIS = YES;
				CLANG_WARN_STRICT_PROTOTYPES = YES;
				CLANG_WARN_SUSPICIOUS_MOVE = YES;
				CLANG_WARN_UNGUARDED_AVAILABILITY = YES_AGGRESSIVE;
				CLANG_WARN_UNREACHABLE_CODE = YES;
				CLANG_WARN__DUPLICATE_METHOD_MATCH = YES;
				CODE_SIGN_IDENTITY = "iPhone Developer";
				COPY_PHASE_STRIP = NO;
				DEBUG_INFORMATION_FORMAT = dwarf;
				ENABLE_STRICT_OBJC_MSGSEND = YES;
				ENABLE_TESTABILITY = YES;
				GCC_C_LANGUAGE_STANDARD = gnu11;
				GCC_DYNAMIC_NO_PIC = NO;
				GCC_NO_COMMON_BLOCKS = YES;
				GCC_OPTIMIZATION_LEVEL = 0;
				GCC_PREPROCESSOR_DEFINITIONS = (
					"DEBUG=1",
					"$(inherited)",
				);
				GCC_WARN_64_TO_32_BIT_CONVERSION = YES;
				GCC_WARN_ABOUT_RETURN_TYPE = YES_ERROR;
				GCC_WARN_UNDECLARED_SELECTOR = YES;
				GCC_WARN_UNINITIALIZED_AUTOS = YES_AGGRESSIVE;
				GCC_WARN_UNUSED_FUNCTION = YES;
				GCC_WARN_UNUSED_VARIABLE = YES;
				IPHONEOS_DEPLOYMENT_TARGET = 11.1;
				MTL_ENABLE_DEBUG_INFO = YES;
				ONLY_ACTIVE_ARCH = YES;
				SDKROOT = iphoneos;
				SWIFT_ACTIVE_COMPILATION_CONDITIONS = DEBUG;
				SWIFT_OPTIMIZATION_LEVEL = "-Onone";
			};
			name = Debug;
		};
		497C4B661FB0E77E0074B6C2 /* Release */ = {
			isa = XCBuildConfiguration;
			buildSettings = {
				ALWAYS_SEARCH_USER_PATHS = NO;
				CLANG_ANALYZER_NONNULL = YES;
				CLANG_ANALYZER_NUMBER_OBJECT_CONVERSION = YES_AGGRESSIVE;
				CLANG_CXX_LANGUAGE_STANDARD = "gnu++14";
				CLANG_CXX_LIBRARY = "libc++";
				CLANG_ENABLE_MODULES = YES;
				CLANG_ENABLE_OBJC_ARC = YES;
				CLANG_WARN_BLOCK_CAPTURE_AUTORELEASING = YES;
				CLANG_WARN_BOOL_CONVERSION = YES;
				CLANG_WARN_COMMA = YES;
				CLANG_WARN_CONSTANT_CONVERSION = YES;
				CLANG_WARN_DIRECT_OBJC_ISA_USAGE = YES_ERROR;
				CLANG_WARN_DOCUMENTATION_COMMENTS = YES;
				CLANG_WARN_EMPTY_BODY = YES;
				CLANG_WARN_ENUM_CONVERSION = YES;
				CLANG_WARN_INFINITE_RECURSION = YES;
				CLANG_WARN_INT_CONVERSION = YES;
				CLANG_WARN_NON_LITERAL_NULL_CONVERSION = YES;
				CLANG_WARN_OBJC_LITERAL_CONVERSION = YES;
				CLANG_WARN_OBJC_ROOT_CLASS = YES_ERROR;
				CLANG_WARN_RANGE_LOOP_ANALYSIS = YES;
				CLANG_WARN_STRICT_PROTOTYPES = YES;
				CLANG_WARN_SUSPICIOUS_MOVE = YES;
				CLANG_WARN_UNGUARDED_AVAILABILITY = YES_AGGRESSIVE;
				CLANG_WARN_UNREACHABLE_CODE = YES;
				CLANG_WARN__DUPLICATE_METHOD_MATCH = YES;
				CODE_SIGN_IDENTITY = "iPhone Developer";
				COPY_PHASE_STRIP = NO;
				DEBUG_INFORMATION_FORMAT = "dwarf-with-dsym";
				ENABLE_NS_ASSERTIONS = NO;
				ENABLE_STRICT_OBJC_MSGSEND = YES;
				GCC_C_LANGUAGE_STANDARD = gnu11;
				GCC_NO_COMMON_BLOCKS = YES;
				GCC_WARN_64_TO_32_BIT_CONVERSION = YES;
				GCC_WARN_ABOUT_RETURN_TYPE = YES_ERROR;
				GCC_WARN_UNDECLARED_SELECTOR = YES;
				GCC_WARN_UNINITIALIZED_AUTOS = YES_AGGRESSIVE;
				GCC_WARN_UNUSED_FUNCTION = YES;
				GCC_WARN_UNUSED_VARIABLE = YES;
				IPHONEOS_DEPLOYMENT_TARGET = 11.1;
				MTL_ENABLE_DEBUG_INFO = NO;
				SDKROOT = iphoneos;
				SWIFT_OPTIMIZATION_LEVEL = "-Owholemodule";
				VALIDATE_PRODUCT = YES;
			};
			name = Release;
		};
		497C4B681FB0E77E0074B6C2 /* Debug */ = {
			isa = XCBuildConfiguration;
			buildSettings = {
				ASSETCATALOG_COMPILER_APPICON_NAME = AppIcon;
				CODE_SIGN_STYLE = Automatic;
				DEVELOPMENT_TEAM = BM7BYR83P8;
				INFOPLIST_FILE = "Car Pool/Info.plist";
				LD_RUNPATH_SEARCH_PATHS = "$(inherited) @executable_path/Frameworks";
				PRODUCT_BUNDLE_IDENTIFIER = "io.github.lauriezip.Car-Pool";
				PRODUCT_NAME = "$(TARGET_NAME)";
				SWIFT_VERSION = 4.0;
				TARGETED_DEVICE_FAMILY = "1,2";
			};
			name = Debug;
		};
		497C4B691FB0E77E0074B6C2 /* Release */ = {
			isa = XCBuildConfiguration;
			buildSettings = {
				ASSETCATALOG_COMPILER_APPICON_NAME = AppIcon;
				CODE_SIGN_STYLE = Automatic;
				DEVELOPMENT_TEAM = BM7BYR83P8;
				INFOPLIST_FILE = "Car Pool/Info.plist";
				LD_RUNPATH_SEARCH_PATHS = "$(inherited) @executable_path/Frameworks";
				PRODUCT_BUNDLE_IDENTIFIER = "io.github.lauriezip.Car-Pool";
				PRODUCT_NAME = "$(TARGET_NAME)";
				SWIFT_VERSION = 4.0;
				TARGETED_DEVICE_FAMILY = "1,2";
			};
			name = Release;
		};
/* End XCBuildConfiguration section */

/* Begin XCConfigurationList section */
		497C4B501FB0E77E0074B6C2 /* Build configuration list for PBXProject "Car Pool" */ = {
			isa = XCConfigurationList;
			buildConfigurations = (
				497C4B651FB0E77E0074B6C2 /* Debug */,
				497C4B661FB0E77E0074B6C2 /* Release */,
			);
			defaultConfigurationIsVisible = 0;
			defaultConfigurationName = Release;
		};
		497C4B671FB0E77E0074B6C2 /* Build configuration list for PBXNativeTarget "Car Pool" */ = {
			isa = XCConfigurationList;
			buildConfigurations = (
				497C4B681FB0E77E0074B6C2 /* Debug */,
				497C4B691FB0E77E0074B6C2 /* Release */,
			);
			defaultConfigurationIsVisible = 0;
			defaultConfigurationName = Release;
		};
/* End XCConfigurationList section */
	};
	rootObject = 497C4B4D1FB0E77E0074B6C2 /* Project object */;
}
